
Microsoft Visual Studio Solution File, Format Version 11.00
# Visual Studio 2010
Project("{FAE04EC0-301F-11D3-BF4B-00C04F79EFBC}") = "BadmintonClientConsole", "BadmintonClientConsole\BadmintonClientConsole.csproj", "{FD4EEE1B-7BFA-49F8-83D7-554C1B0392BE}"
EndProject
Project("{FAE04EC0-301F-11D3-BF4B-00C04F79EFBC}") = "BadmintonWebClient", "BadmintonWebClient\BadmintonWebClient.csproj", "{1EAD9B4F-86B3-4302-B35B-D85F20A1B010}"
EndProject
Global
	GlobalSection(SolutionConfigurationPlatforms) = preSolution
		Debug|Any CPU = Debug|Any CPU
		Debug|Mixed Platforms = Debug|Mixed Platforms
		Debug|x86 = Debug|x86
		Release|Any CPU = Release|Any CPU
		Release|Mixed Platforms = Release|Mixed Platforms
		Release|x86 = Release|x86
	EndGlobalSection
	GlobalSection(ProjectConfigurationPlatforms) = postSolution
		{FD4EEE1B-7BFA-49F8-83D7-554C1B0392BE}.Debug|Any CPU.ActiveCfg = Debug|x86
		{FD4EEE1B-7BFA-49F8-83D7-554C1B0392BE}.Debug|Mixed Platforms.ActiveCfg = Debug|x86
		{FD4EEE1B-7BFA-49F8-83D7-554C1B0392BE}.Debug|Mixed Platforms.Build.0 = Debug|x86
		{FD4EEE1B-7BFA-49F8-83D7-554C1B0392BE}.Debug|x86.ActiveCfg = Debug|x86
		{FD4EEE1B-7BFA-49F8-83D7-554C1B0392BE}.Debug|x86.Build.0 = Debug|x86
		{FD4EEE1B-7BFA-49F8-83D7-554C1B0392BE}.Release|Any CPU.ActiveCfg = Release|x86
		{FD4EEE1B-7BFA-49F8-83D7-554C1B0392BE}.Release|Mixed Platforms.ActiveCfg = Release|x86
		{FD4EEE1B-7BFA-49F8-83D7-554C1B0392BE}.Release|Mixed Platforms.Build.0 = Release|x86
		{FD4EEE1B-7BFA-49F8-83D7-554C1B0392BE}.Release|x86.ActiveCfg = Release|x86
		{FD4EEE1B-7BFA-49F8-83D7-554C1B0392BE}.Release|x86.Build.0 = Release|x86
		{1EAD9B4F-86B3-4302-B35B-D85F20A1B010}.Debug|Any CPU.ActiveCfg = Debug|Any CPU
		{1EAD9B4F-86B3-4302-B35B-D85F20A1B010}.Debug|Any CPU.Build.0 = Debug|Any CPU
		{1EAD9B4F-86B3-4302-B35B-D85F20A1B010}.Debug|Mixed Platforms.ActiveCfg = Debug|Any CPU
		{1EAD9B4F-86B3-4302-B35B-D85F20A1B010}.Debug|Mixed Platforms.Build.0 = Debug|Any CPU
		{1EAD9B4F-86B3-4302-B35B-D85F20A1B010}.Debug|x86.ActiveCfg = Debug|Any CPU
		{1EAD9B4F-86B3-4302-B35B-D85F20A1B010}.Release|Any CPU.ActiveCfg = Release|Any CPU
		{1EAD9B4F-86B3-4302-B35B-D85F20A1B010}.Release|Any CPU.Build.0 = Release|Any CPU
		{1EAD9B4F-86B3-4302-B35B-D85F20A1B010}.Release|Mixed Platforms.ActiveCfg = Release|Any CPU
		{1EAD9B4F-86B3-4302-B35B-D85F20A1B010}.Release|Mixed Platforms.Build.0 = Release|Any CPU
		{1EAD9B4F-86B3-4302-B35B-D85F20A1B010}.Release|x86.ActiveCfg = Release|Any CPU
	EndGlobalSection
	GlobalSection(SolutionProperties) = preSolution
		HideSolutionNode = FALSE
	EndGlobalSection
EndGlobal
